
Microsoft Visual Studio Solution File, Format Version 12.00
# Visual Studio Version 16
VisualStudioVersion = 16.0.30503.244
MinimumVisualStudioVersion = 10.0.40219.1
Project("{FAE04EC0-301F-11D3-BF4B-00C04F79EFBC}") = "GraphQLApi", "GraphQLApi\GraphQLApi.csproj", "{59F86A91-B160-4605-A757-D6D00FA13B30}"
EndProject
Global
	GlobalSection(SolutionConfigurationPlatforms) = preSolution
		Debug|Any CPU = Debug|Any CPU
		Release|Any CPU = Release|Any CPU
	EndGlobalSection
	GlobalSection(ProjectConfigurationPlatforms) = postSolution
		{59F86A91-B160-4605-A757-D6D00FA13B30}.Debug|Any CPU.ActiveCfg = Debug|Any CPU
		{59F86A91-B160-4605-A757-D6D00FA13B30}.Debug|Any CPU.Build.0 = Debug|Any CPU
		{59F86A91-B160-4605-A757-D6D00FA13B30}.Release|Any CPU.ActiveCfg = Release|Any CPU
		{59F86A91-B160-4605-A757-D6D00FA13B30}.Release|Any CPU.Build.0 = Release|Any CPU
	EndGlobalSection
	GlobalSection(SolutionProperties) = preSolution
		HideSolutionNode = FALSE
	EndGlobalSection
	GlobalSection(ExtensibilityGlobals) = postSolution
		SolutionGuid = {4874D38E-2DB3-4DAB-80D7-7F0458403F9C}
	EndGlobalSection
EndGlobal
